github.com/crescolincs/lincs-theme v0.0.0-20240411183439-3d914405f255 h1:KlGVBmf0IkAaW59sByqA+idm1tVZ1OY/CeolRuM4Ubo=
github.com/crescolincs/lincs-theme v0.0.0-20240411183439-3d914405f255/go.mod h1:ni1ll4vPX/ckofk6OO22SrUB+Vgms2jSZSE5gRuN+UY=
github.com/crescolincs/lincs-theme v0.0.0-20240412163118-1f593b59c816 h1:jiTTWqp4si0/i++sSEqQrQxpKijC7/CC/BjOV7l+VPg=
github.com/crescolincs/lincs-theme v0.0.0-20240412163118-1f593b59c816/go.mod h1:ni1ll4vPX/ckofk6OO22SrUB+Vgms2jSZSE5gRuN+UY=
github.com/crescolincs/lincs-theme v0.0.0-20240413120218-30ad408d18f1 h1:thHgjyMjPM1NEI5PgdnUixkxam2CDEadLqdduxjRSvc=
github.com/crescolincs/lincs-theme v0.0.0-20240413120218-30ad408d18f1/go.mod h1:ni1ll4vPX/ckofk6OO22SrUB+Vgms2jSZSE5gRuN+UY=
github.com/crescolincs/lincs-theme v0.0.0-20240413142044-6ac5dbee2ae4 h1:Jfz91dX6zT42gN64sAjnzjV/HKSZCky2dvdUbm0SlPM=
github.com/crescolincs/lincs-theme v0.0.0-20240413142044-6ac5dbee2ae4/go.mod h1:ni1ll4vPX/ckofk6OO22SrUB+Vgms2jSZSE5gRuN+UY=
github.com/crescolincs/lincs-theme v0.0.0-20240413142503-e014b0126658 h1:UYTkG4RkCd7SOaaln56IVf5788GwzYXO0t7DGRcp2+o=
github.com/crescolincs/lincs-theme v0.0.0-20240413142503-e014b0126658/go.mod h1:ni1ll4vPX/ckofk6OO22SrUB+Vgms2jSZSE5gRuN+UY=
github.com/crescolincs/lincs-theme v0.0.0-20240416115914-3b9a224865be h1:B3Vi6EmjDXcCYOtRM0hfNznV6wN/1eJKftq25MgVy5w=
github.com/crescolincs/lincs-theme v0.0.0-20240416115914-3b9a224865be/go.mod h1:ni1ll4vPX/ckofk6OO22SrUB+Vgms2jSZSE5gRuN+UY=
github.com/crescolincs/lincs-theme v0.0.0-20240417114538-0690661b7ab7 h1:A2XNaO+MVJQLkZeqhMLGDaHLhfHT1K03X7sH3NB7XSo=
github.com/crescolincs/lincs-theme v0.0.0-20240417114538-0690661b7ab7/go.mod h1:ni1ll4vPX/ckofk6OO22SrUB+Vgms2jSZSE5gRuN+UY=
github.com/crescolincs/lincs-theme v0.0.0-20240417181533-51c9946b3398 h1:b/uDjQGgc2P2e0ko62e5y1p0I6UyN1reBOnEG8Qn1zw=
github.com/crescolincs/lincs-theme v0.0.0-20240417181533-51c9946b3398/go.mod h1:ni1ll4vPX/ckofk6OO22SrUB+Vgms2jSZSE5gRuN+UY=
github.com/crescolincs/lincs-theme v0.0.0-20240418075452-236b6767a75b h1:RY3UVs8vuJ3GFDKncN176kYifdp/0Z+F5HfMpSHpPGQ=
github.com/crescolincs/lincs-theme v0.0.0-20240418075452-236b6767a75b/go.mod h1:ni1ll4vPX/ckofk6OO22SrUB+Vgms2jSZSE5gRuN+UY=
github.com/crescolincs/lincs-theme v0.0.0-20240418080848-d61b525d17f1 h1:MvyTnIo1zYCtqreOuj27NbLsEuVAoHoSYBhspZNuHrw=
github.com/crescolincs/lincs-theme v0.0.0-20240418080848-d61b525d17f1/go.mod h1:ni1ll4vPX/ckofk6OO22SrUB+Vgms2jSZSE5gRuN+UY=
github.com/crescolincs/lincs-theme v0.0.0-20240418082145-a46407d7cc90 h1:JZESD0Feqx0hi1kr8yM3t1O4D2au4smHBWHoFshWxEU=
github.com/crescolincs/lincs-theme v0.0.0-20240418082145-a46407d7cc90/go.mod h1:ni1ll4vPX/ckofk6OO22SrUB+Vgms2jSZSE5gRuN+UY=
github.com/crescolincs/lincs-theme v0.0.0-20240419110615-88b8d4e4ac16 h1:GyTZFGZADwcoYNhMEler+oB6FYqNo8gbcdsqRDG87gE=
github.com/crescolincs/lincs-theme v0.0.0-20240419110615-88b8d4e4ac16/go.mod h1:ni1ll4vPX/ckofk6OO22SrUB+Vgms2jSZSE5gRuN+UY=
github.com/crescolincs/lincs-theme v0.0.0-20240419115550-811f73512ff5 h1:FCR7mmtbWni4BE0SkgD2LKgGt8MdhLRNWws+jAIYb+Y=
github.com/crescolincs/lincs-theme v0.0.0-20240419115550-811f73512ff5/go.mod h1:ni1ll4vPX/ckofk6OO22SrUB+Vgms2jSZSE5gRuN+UY=
github.com/crescolincs/lincs-theme v0.0.0-20240419153849-183e85481e50 h1:IcWoF5brXlKYy6Te3S71323ZpZsTIIXwdylY18vRPe4=
github.com/crescolincs/lincs-theme v0.0.0-20240419153849-183e85481e50/go.mod h1:ni1ll4vPX/ckofk6OO22SrUB+Vgms2jSZSE5gRuN+UY=
